
Microsoft Visual Studio Solution File, Format Version 12.00
# Visual Studio 15
VisualStudioVersion = 15.0.27004.2010
MinimumVisualStudioVersion = 10.0.40219.1
Project("{888888A0-9F3D-457C-B088-3A5042F75D52}") = "Week1Challenge", "Week1Challenge\Week1Challenge.pyproj", "{A71570C2-2DCA-4974-8549-FB954F01F012}"
EndProject
Global
	GlobalSection(SolutionConfigurationPlatforms) = preSolution
		Debug|Any CPU = Debug|Any CPU
		Release|Any CPU = Release|Any CPU
	EndGlobalSection
	GlobalSection(ProjectConfigurationPlatforms) = postSolution
		{A71570C2-2DCA-4974-8549-FB954F01F012}.Debug|Any CPU.ActiveCfg = Debug|Any CPU
		{A71570C2-2DCA-4974-8549-FB954F01F012}.Release|Any CPU.ActiveCfg = Release|Any CPU
	EndGlobalSection
	GlobalSection(SolutionProperties) = preSolution
		HideSolutionNode = FALSE
	EndGlobalSection
	GlobalSection(ExtensibilityGlobals) = postSolution
		SolutionGuid = {E4B48180-3FF4-44E2-9BCA-D7D62A8EC90E}
	EndGlobalSection
EndGlobal
